<?xml version="1.0" encoding="utf-8"?>
<Project ToolsVersion="4.0" xmlns="http://schemas.microsoft.com/developer/msbuild/2003">
  <ItemGroup>
    <Filter Include="Form Files">
      <UniqueIdentifier>{99349809-55BA-4b9d-BF79-8FDBB0286EB3}</UniqueIdentifier>
      <Extensions>ui</Extensions>
      <ParseFiles>false</ParseFiles>
    </Filter>
    <Filter Include="Form Files">
      <UniqueIdentifier>{99349809-55BA-4b9d-BF79-8FDBB0286EB3}</UniqueIdentifier>
      <Extensions>ui</Extensions>
      <ParseFiles>false</ParseFiles>
    </Filter>
    <Filter Include="Generated Files">
      <UniqueIdentifier>{71ED8ED8-ACB9-4CE9-BBE1-E00B30144E11}</UniqueIdentifier>
      <Extensions>cpp;c;cxx;moc;h;def;odl;idl;res;</Extensions>
    </Filter>
    <Filter Include="Generated Files">
      <UniqueIdentifier>{71ED8ED8-ACB9-4CE9-BBE1-E00B30144E11}</UniqueIdentifier>
      <Extensions>cpp;c;cxx;moc;h;def;odl;idl;res;</Extensions>
    </Filter>
    <Filter Include="Header Files">
      <UniqueIdentifier>{93995380-89BD-4b04-88EB-625FBE52EBFB}</UniqueIdentifier>
      <Extensions>h;hpp;hxx;hm;inl;inc;xsd</Extensions>
    </Filter>
    <Filter Include="Header Files">
      <UniqueIdentifier>{93995380-89BD-4b04-88EB-625FBE52EBFB}</UniqueIdentifier>
      <Extensions>h;hpp;hxx;hm;inl;inc;xsd</Extensions>
    </Filter>
    <Filter Include="Source Files">
      <UniqueIdentifier>{4FC737F1-C7A5-4376-A066-2A32D752A2FF}</UniqueIdentifier>
      <Extensions>cpp;c;cxx;def;odl;idl;hpj;bat;asm;asmx</Extensions>
    </Filter>
    <Filter Include="Source Files">
      <UniqueIdentifier>{4FC737F1-C7A5-4376-A066-2A32D752A2FF}</UniqueIdentifier>
      <Extensions>cpp;c;cxx;def;odl;idl;hpj;bat;asm;asmx</Extensions>
    </Filter>
    <Filter Include="Generated Files\Debug">
      <UniqueIdentifier>{8e98b8a4-80e5-41a1-a252-9bcfbdbe1705}</UniqueIdentifier>
      <Extensions>cpp;moc</Extensions>
      <SourceControlFiles>False</SourceControlFiles>
    </Filter>
    <Filter Include="Generated Files\Release">
      <UniqueIdentifier>{658bd363-9b58-46d5-8563-34bd39605924}</UniqueIdentifier>
      <Extensions>cpp;moc</Extensions>
      <SourceControlFiles>False</SourceControlFiles>
    </Filter>
  </ItemGroup>
  <ItemGroup>
    <ClCompile Include="formdiscipline.cpp">
      <Filter>Source Files</Filter>
    </ClCompile>
    <ClCompile Include="formfaculty.cpp">
      <Filter>Source Files</Filter>
    </ClCompile>
    <ClCompile Include="formgroup.cpp">
      <Filter>Source Files</Filter>
    </ClCompile>
    <ClCompile Include="formspecialty.cpp">
      <Filter>Source Files</Filter>
    </ClCompile>
    <ClCompile Include="formstudents.cpp">
      <Filter>Source Files</Filter>
    </ClCompile>
    <ClCompile Include="formtypeworks.cpp">
      <Filter>Source Files</Filter>
    </ClCompile>
    <ClCompile Include="main.cpp">
      <Filter>Source Files</Filter>
    </ClCompile>
    <ClCompile Include="mainform.cpp">
      <Filter>Source Files</Filter>
    </ClCompile>
    <ClCompile Include="spravochniki.cpp">
      <Filter>Source Files</Filter>
    </ClCompile>
    <ClCompile Include="tablecompositiongroup.cpp">
      <Filter>Source Files</Filter>
    </ClCompile>
    <ClCompile Include="tablelistworks.cpp">
      <Filter>Source Files</Filter>
    </ClCompile>
    <ClCompile Include="tablemadeworks.cpp">
      <Filter>Source Files</Filter>
    </ClCompile>
    <ClCompile Include="tableplan.cpp">
      <Filter>Source Files</Filter>
    </ClCompile>
    <ClCompile Include="tablevisit.cpp">
      <Filter>Source Files</Filter>
    </ClCompile>
    <ClCompile Include="tocompositiongroup.cpp">
      <Filter>Source Files</Filter>
    </ClCompile>
    <ClCompile Include="tolistworks.cpp">
      <Filter>Source Files</Filter>
    </ClCompile>
    <ClCompile Include="tomadeworks.cpp">
      <Filter>Source Files</Filter>
    </ClCompile>
    <ClCompile Include="toplan.cpp">
      <Filter>Source Files</Filter>
    </ClCompile>
    <ClCompile Include="tovisit.cpp">
      <Filter>Source Files</Filter>
    </ClCompile>
    <ClCompile Include="worktables.cpp">
      <Filter>Source Files</Filter>
    </ClCompile>
    <ClCompile Include="Debug\moc_formdiscipline.cpp">
      <Filter>Generated Files\Debug</Filter>
    </ClCompile>
    <ClCompile Include="Release\moc_formdiscipline.cpp">
      <Filter>Generated Files\Release</Filter>
    </ClCompile>
    <ClCompile Include="Debug\moc_formfaculty.cpp">
      <Filter>Generated Files\Debug</Filter>
    </ClCompile>
    <ClCompile Include="Release\moc_formfaculty.cpp">
      <Filter>Generated Files\Release</Filter>
    </ClCompile>
    <ClCompile Include="Debug\moc_formgroup.cpp">
      <Filter>Generated Files\Debug</Filter>
    </ClCompile>
    <ClCompile Include="Release\moc_formgroup.cpp">
      <Filter>Generated Files\Release</Filter>
    </ClCompile>
    <ClCompile Include="Debug\moc_formspecialty.cpp">
      <Filter>Generated Files\Debug</Filter>
    </ClCompile>
    <ClCompile Include="Release\moc_formspecialty.cpp">
      <Filter>Generated Files\Release</Filter>
    </ClCompile>
    <ClCompile Include="Debug\moc_formstudents.cpp">
      <Filter>Generated Files\Debug</Filter>
    </ClCompile>
    <ClCompile Include="Release\moc_formstudents.cpp">
      <Filter>Generated Files\Release</Filter>
    </ClCompile>
    <ClCompile Include="Debug\moc_formtypeworks.cpp">
      <Filter>Generated Files\Debug</Filter>
    </ClCompile>
    <ClCompile Include="Release\moc_formtypeworks.cpp">
      <Filter>Generated Files\Release</Filter>
    </ClCompile>
    <ClCompile Include="Debug\moc_mainform.cpp">
      <Filter>Generated Files\Debug</Filter>
    </ClCompile>
    <ClCompile Include="Release\moc_mainform.cpp">
      <Filter>Generated Files\Release</Filter>
    </ClCompile>
    <ClCompile Include="Debug\moc_spravochniki.cpp">
      <Filter>Generated Files\Debug</Filter>
    </ClCompile>
    <ClCompile Include="Release\moc_spravochniki.cpp">
      <Filter>Generated Files\Release</Filter>
    </ClCompile>
    <ClCompile Include="Debug\moc_tablecompositiongroup.cpp">
      <Filter>Generated Files\Debug</Filter>
    </ClCompile>
    <ClCompile Include="Release\moc_tablecompositiongroup.cpp">
      <Filter>Generated Files\Release</Filter>
    </ClCompile>
    <ClCompile Include="Debug\moc_tablelistworks.cpp">
      <Filter>Generated Files\Debug</Filter>
    </ClCompile>
    <ClCompile Include="Release\moc_tablelistworks.cpp">
      <Filter>Generated Files\Release</Filter>
    </ClCompile>
    <ClCompile Include="Debug\moc_tablemadeworks.cpp">
      <Filter>Generated Files\Debug</Filter>
    </ClCompile>
    <ClCompile Include="Release\moc_tablemadeworks.cpp">
      <Filter>Generated Files\Release</Filter>
    </ClCompile>
    <ClCompile Include="Debug\moc_tableplan.cpp">
      <Filter>Generated Files\Debug</Filter>
    </ClCompile>
    <ClCompile Include="Release\moc_tableplan.cpp">
      <Filter>Generated Files\Release</Filter>
    </ClCompile>
    <ClCompile Include="Debug\moc_tablevisit.cpp">
      <Filter>Generated Files\Debug</Filter>
    </ClCompile>
    <ClCompile Include="Release\moc_tablevisit.cpp">
      <Filter>Generated Files\Release</Filter>
    </ClCompile>
    <ClCompile Include="Debug\moc_tocompositiongroup.cpp">
      <Filter>Generated Files\Debug</Filter>
    </ClCompile>
    <ClCompile Include="Release\moc_tocompositiongroup.cpp">
      <Filter>Generated Files\Release</Filter>
    </ClCompile>
    <ClCompile Include="Debug\moc_tolistworks.cpp">
      <Filter>Generated Files\Debug</Filter>
    </ClCompile>
    <ClCompile Include="Release\moc_tolistworks.cpp">
      <Filter>Generated Files\Release</Filter>
    </ClCompile>
    <ClCompile Include="Debug\moc_tomadeworks.cpp">
      <Filter>Generated Files\Debug</Filter>
    </ClCompile>
    <ClCompile Include="Release\moc_tomadeworks.cpp">
      <Filter>Generated Files\Release</Filter>
    </ClCompile>
    <ClCompile Include="Debug\moc_toplan.cpp">
      <Filter>Generated Files\Debug</Filter>
    </ClCompile>
    <ClCompile Include="Release\moc_toplan.cpp">
      <Filter>Generated Files\Release</Filter>
    </ClCompile>
    <ClCompile Include="Debug\moc_tovisit.cpp">
      <Filter>Generated Files\Debug</Filter>
    </ClCompile>
    <ClCompile Include="Release\moc_tovisit.cpp">
      <Filter>Generated Files\Release</Filter>
    </ClCompile>
    <ClCompile Include="Debug\moc_worktables.cpp">
      <Filter>Generated Files\Debug</Filter>
    </ClCompile>
    <ClCompile Include="Release\moc_worktables.cpp">
      <Filter>Generated Files\Release</Filter>
    </ClCompile>
    <ClCompile Include="settings.cpp">
      <Filter>Source Files</Filter>
    </ClCompile>
    <ClCompile Include="Debug\moc_mainwindow.cpp">
      <Filter>Generated Files\Debug</Filter>
    </ClCompile>
    <ClCompile Include="Release\moc_mainwindow.cpp">
      <Filter>Generated Files\Release</Filter>
    </ClCompile>
    <ClCompile Include="mainwindow.cpp">
      <Filter>Source Files</Filter>
    </ClCompile>
  </ItemGroup>
  <ItemGroup>
    <CustomBuild Include="formdiscipline.h">
      <Filter>Header Files</Filter>
    </CustomBuild>
    <CustomBuild Include="formfaculty.h">
      <Filter>Header Files</Filter>
    </CustomBuild>
    <CustomBuild Include="formgroup.h">
      <Filter>Header Files</Filter>
    </CustomBuild>
    <CustomBuild Include="formspecialty.h">
      <Filter>Header Files</Filter>
    </CustomBuild>
    <CustomBuild Include="formstudents.h">
      <Filter>Header Files</Filter>
    </CustomBuild>
    <CustomBuild Include="formtypeworks.h">
      <Filter>Header Files</Filter>
    </CustomBuild>
    <CustomBuild Include="mainform.h">
      <Filter>Header Files</Filter>
    </CustomBuild>
    <CustomBuild Include="spravochniki.h">
      <Filter>Header Files</Filter>
    </CustomBuild>
    <CustomBuild Include="tablecompositiongroup.h">
      <Filter>Header Files</Filter>
    </CustomBuild>
    <CustomBuild Include="tablelistworks.h">
      <Filter>Header Files</Filter>
    </CustomBuild>
    <CustomBuild Include="tablemadeworks.h">
      <Filter>Header Files</Filter>
    </CustomBuild>
    <CustomBuild Include="tableplan.h">
      <Filter>Header Files</Filter>
    </CustomBuild>
    <CustomBuild Include="tablevisit.h">
      <Filter>Header Files</Filter>
    </CustomBuild>
    <CustomBuild Include="tocompositiongroup.h">
      <Filter>Header Files</Filter>
    </CustomBuild>
    <CustomBuild Include="tolistworks.h">
      <Filter>Header Files</Filter>
    </CustomBuild>
    <CustomBuild Include="tomadeworks.h">
      <Filter>Header Files</Filter>
    </CustomBuild>
    <CustomBuild Include="toplan.h">
      <Filter>Header Files</Filter>
    </CustomBuild>
    <CustomBuild Include="tovisit.h">
      <Filter>Header Files</Filter>
    </CustomBuild>
    <CustomBuild Include="worktables.h">
      <Filter>Header Files</Filter>
    </CustomBuild>
    <CustomBuild Include="mainwindow.ui">
      <Filter>Form Files</Filter>
    </CustomBuild>
    <CustomBuild Include="mainwindow.h">
      <Filter>Header Files</Filter>
    </CustomBuild>
    <CustomBuild Include="mainform.ui">
      <Filter>Form Files</Filter>
    </CustomBuild>
  </ItemGroup>
  <ItemGroup>
    <CustomBuild Include="formdiscipline.ui">
      <Filter>Form Files</Filter>
    </CustomBuild>
    <CustomBuild Include="formfaculty.ui">
      <Filter>Form Files</Filter>
    </CustomBuild>
    <CustomBuild Include="formgroup.ui">
      <Filter>Form Files</Filter>
    </CustomBuild>
    <CustomBuild Include="formspecialty.ui">
      <Filter>Form Files</Filter>
    </CustomBuild>
    <CustomBuild Include="formstudents.ui">
      <Filter>Form Files</Filter>
    </CustomBuild>
    <CustomBuild Include="formtypeworks.ui">
      <Filter>Form Files</Filter>
    </CustomBuild>
    <CustomBuild Include="spravochniki.ui">
      <Filter>Form Files</Filter>
    </CustomBuild>
    <CustomBuild Include="tablecompositiongroup.ui">
      <Filter>Form Files</Filter>
    </CustomBuild>
    <CustomBuild Include="tablelistworks.ui">
      <Filter>Form Files</Filter>
    </CustomBuild>
    <CustomBuild Include="tablemadeworks.ui">
      <Filter>Form Files</Filter>
    </CustomBuild>
    <CustomBuild Include="tableplan.ui">
      <Filter>Form Files</Filter>
    </CustomBuild>
    <CustomBuild Include="tablevisit.ui">
      <Filter>Form Files</Filter>
    </CustomBuild>
    <CustomBuild Include="tocompositiongroup.ui">
      <Filter>Form Files</Filter>
    </CustomBuild>
    <CustomBuild Include="tolistworks.ui">
      <Filter>Form Files</Filter>
    </CustomBuild>
    <CustomBuild Include="tomadeworks.ui">
      <Filter>Form Files</Filter>
    </CustomBuild>
    <CustomBuild Include="toplan.ui">
      <Filter>Form Files</Filter>
    </CustomBuild>
    <CustomBuild Include="tovisit.ui">
      <Filter>Form Files</Filter>
    </CustomBuild>
    <CustomBuild Include="worktables.ui">
      <Filter>Form Files</Filter>
    </CustomBuild>
  </ItemGroup>
  <ItemGroup>
    <ClInclude Include="GeneratedFiles\ui_formdiscipline.h">
      <Filter>Generated Files</Filter>
    </ClInclude>
    <ClInclude Include="GeneratedFiles\ui_formfaculty.h">
      <Filter>Generated Files</Filter>
    </ClInclude>
    <ClInclude Include="GeneratedFiles\ui_formgroup.h">
      <Filter>Generated Files</Filter>
    </ClInclude>
    <ClInclude Include="GeneratedFiles\ui_formspecialty.h">
      <Filter>Generated Files</Filter>
    </ClInclude>
    <ClInclude Include="GeneratedFiles\ui_formstudents.h">
      <Filter>Generated Files</Filter>
    </ClInclude>
    <ClInclude Include="GeneratedFiles\ui_formtypeworks.h">
      <Filter>Generated Files</Filter>
    </ClInclude>
    <ClInclude Include="GeneratedFiles\ui_spravochniki.h">
      <Filter>Generated Files</Filter>
    </ClInclude>
    <ClInclude Include="GeneratedFiles\ui_tablecompositiongroup.h">
      <Filter>Generated Files</Filter>
    </ClInclude>
    <ClInclude Include="GeneratedFiles\ui_tablelistworks.h">
      <Filter>Generated Files</Filter>
    </ClInclude>
    <ClInclude Include="GeneratedFiles\ui_tablemadeworks.h">
      <Filter>Generated Files</Filter>
    </ClInclude>
    <ClInclude Include="GeneratedFiles\ui_tableplan.h">
      <Filter>Generated Files</Filter>
    </ClInclude>
    <ClInclude Include="GeneratedFiles\ui_tablevisit.h">
      <Filter>Generated Files</Filter>
    </ClInclude>
    <ClInclude Include="GeneratedFiles\ui_tocompositiongroup.h">
      <Filter>Generated Files</Filter>
    </ClInclude>
    <ClInclude Include="GeneratedFiles\ui_tolistworks.h">
      <Filter>Generated Files</Filter>
    </ClInclude>
    <ClInclude Include="GeneratedFiles\ui_tomadeworks.h">
      <Filter>Generated Files</Filter>
    </ClInclude>
    <ClInclude Include="GeneratedFiles\ui_toplan.h">
      <Filter>Generated Files</Filter>
    </ClInclude>
    <ClInclude Include="GeneratedFiles\ui_tovisit.h">
      <Filter>Generated Files</Filter>
    </ClInclude>
    <ClInclude Include="GeneratedFiles\ui_worktables.h">
      <Filter>Generated Files</Filter>
    </ClInclude>
    <ClInclude Include="settings.hpp">
      <Filter>Header Files</Filter>
    </ClInclude>
    <ClInclude Include="GeneratedFiles\ui_mainwindow.h">
      <Filter>Generated Files</Filter>
    </ClInclude>
    <ClInclude Include="GeneratedFiles\ui_mainform.h">
      <Filter>Generated Files</Filter>
    </ClInclude>
  </ItemGroup>
</Project>